github.com/gomidi/cc v0.0.0-20180817073503-2229485c1c91 h1:0iDXWyTi4TbhX1llyyBg1TotZsulHfYpbmpvq6wa9Tw=
github.com/gomidi/cc v0.0.0-20180817073503-2229485c1c91/go.mod h1:pp/v4mQ8/Z6O7KoGukAO9MNQ5nhUUgAJlJU7XsC4IpI=
github.com/gomidi/connect/imported/rtmidi v0.0.0-20180818195311-f71a4e838e93/go.mod h1:zUjKIk2vlEK+kwNc2MUtAmm8LG3mtzBRwwt6gdwtV3c=
github.com/gomidi/connect/imported/rtmidi v0.0.0-20180820121840-9768b85570c9 h1:NqQoAN1JfC5UoAcJNf5S/S1NjblbV+xe8KTLqZmW0Bg=
github.com/gomidi/connect/imported/rtmidi v0.0.0-20180820121840-9768b85570c9/go.mod h1:zUjKIk2vlEK+kwNc2MUtAmm8LG3mtzBRwwt6gdwtV3c=
github.com/gomidi/connect/imported/rtmidi v0.0.0-20180827213430-b1136e6d4610 h1:8JW1U+xgJ+0+hboq+XxhzkjnsGkW1DWOHdQq8vOMH9g=
github.com/gomidi/connect/imported/rtmidi v0.0.0-20180827213430-b1136e6d4610/go.mod h1:zUjKIk2vlEK+kwNc2MUtAmm8LG3mtzBRwwt6gdwtV3c=
github.com/gomidi/connect/rtmidiadapter v0.0.0-20180820121840-9768b85570c9 h1:3uJI7vblnez2pFPDP6mYbobw1KSP4NTXW1R0Rng3wWI=
github.com/gomidi/connect/rtmidiadapter v0.0.0-20180820121840-9768b85570c9/go.mod h1:HS4G4Q3oxTsQ0QT6XLkX1mOG07WigRorzGwd2Tlug5Q=
github.com/gomidi/connect/rtmidiadapter v0.0.0-20180827213430-b1136e6d4610 h1:93lsgqxZE17zMRfLKh/OCJXwJ2TqOysKpYTG2eJ2byU=
github.com/gomidi/connect/rtmidiadapter v0.0.0-20180827213430-b1136e6d4610/go.mod h1:HS4G4Q3oxTsQ0QT6XLkX1mOG07WigRorzGwd2Tlug5Q=
github.com/gomidi/mid v0.9.5/go.mod h1:o6uPziRQ1ajr0wBi6otsE2OHeAmxlT8m5I4sL7sLDuA=
github.com/gomidi/mid v0.9.13/go.mod h1:FjHnpL9UCDsLMfSXXnuVOK3+aMRfgGgA3+YFOHoHAuw=
github.com/gomidi/mid v0.9.15/go.mod h1:6CmczMy4q/PKz+CJqRo95rhBb3nW3gb9GtvTIRN/wYU=
github.com/gomidi/mid v0.9.16/go.mod h1:6CmczMy4q/PKz+CJqRo95rhBb3nW3gb9GtvTIRN/wYU=
github.com/gomidi/mid/imported/rtmidi v0.0.0-20180818152747-9d327838c439/go.mod h1:S4U/UDwruCnylwb/QV4VOhSYRj61LZfpq6i3m3qwcRo=
github.com/gomidi/midi v1.1.4/go.mod h1:B16DbgtsXSbQK9Q75aVezVL6VGhaK+2CVe/ybwUUCHE=
github.com/gomidi/midi v1.2.1/go.mod h1:B16DbgtsXSbQK9Q75aVezVL6VGhaK+2CVe/ybwUUCHE=
github.com/gomidi/midi v1.2.2/go.mod h1:B16DbgtsXSbQK9Q75aVezVL6VGhaK+2CVe/ybwUUCHE=
github.com/gomidi/midi v1.2.3 h1:fZjB/y59V2a2RD3mkgLWHsHDo4mYca0r+4g8t2EesHA=
github.com/gomidi/midi v1.2.3/go.mod h1:B16DbgtsXSbQK9Q75aVezVL6VGhaK+2CVe/ybwUUCHE=
github.com/gomidi/midi v1.3.0 h1:iVcBrzCjOfsioio/HmcVzq/xMmOKDDEWkaQZNVmGUCM=
github.com/gomidi/midi v1.3.0/go.mod h1:B16DbgtsXSbQK9Q75aVezVL6VGhaK+2CVe/ybwUUCHE=
github.com/gomidi/midi v1.4.0 h1:54K8x5xy+z6gRlck/n6KM3HYP+m4scR0T53QyATh+Iw=
github.com/gomidi/midi v1.4.0/go.mod h1:B16DbgtsXSbQK9Q75aVezVL6VGhaK+2CVe/ybwUUCHE=
github.com/gomidi/midiproxy v0.0.1 h1:iszrGTgRtazpCSUAqJbOh9ZtDiV1ujMyRUzpN51CX78=
github.com/gomidi/midiproxy v0.0.1/go.mod h1:vGrHQuT4+RicbhqHnp2O6WH3t4dyk+mwGyFcvGX+lz0=
github.com/gomidi/midispy v1.2.5 h1:LueqfE3XMmWDnXbS7BpN6y1zKcCz8KV9qH9MoLWcmy8=
github.com/gomidi/midispy v1.2.5/go.mod h1:XSfS3xQCZ3Mm/w+/ptHtauecC5ceTQelegVhxmZOwjM=
github.com/gomidi/midistack v0.0.0-20180823121406-6c7b19527ff7/go.mod h1:OxYpLAE3FBK3zYTxA/E91MABc9QjZmW39ADEbw8nwDg=
github.com/gomidi/midistack v0.0.10/go.mod h1:UduIFpPtYXSAgJU9J+cuTKpW1YJ6IRZGKKb1ACi+xYk=
github.com/gomidi/midistack v0.0.11 h1:gq8OzLMlLpwQ6BoZS7rX8dIyYNojISY1lFKiUwJe3EU=
github.com/gomidi/midistack v0.0.11/go.mod h1:UduIFpPtYXSAgJU9J+cuTKpW1YJ6IRZGKKb1ACi+xYk=
github.com/gomidi/midistack v0.2.3 h1:DNSyt9h13EgtEKXU3KuO++wX8ymOyyvx+1nQF5ExNWo=
github.com/gomidi/midistack v0.2.3/go.mod h1:gKCK4P4z8tOrIcaL0d7fYX9fSH/WOFh8YuO97G6M5cU=
github.com/gomidi/midistack/match/message v0.0.0-20180827082815-7b0392338e92/go.mod h1:zDrXysEEJsvFF+VJK2p523iBgV8BLJikRBCxf7foMSg=
github.com/gomidi/midistack/match/message v0.0.0-20180827223701-a2d0241702d0 h1:LPqex6N8RP5pJSPKv8F6BLs6smGIG3n/v2UJyd+7S74=
github.com/gomidi/midistack/match/message v0.0.0-20180827223701-a2d0241702d0/go.mod h1:zDrXysEEJsvFF+VJK2p523iBgV8BLJikRBCxf7foMSg=
github.com/gomidi/midistack/match/message v0.0.0-20180828103204-3d596caa0c80/go.mod h1:zDrXysEEJsvFF+VJK2p523iBgV8BLJikRBCxf7foMSg=
github.com/gomidi/midistack/match/typ v0.0.0-20180825135224-b4083aaca781/go.mod h1:7Z5C+A3WIzA6HotahNZxQCG4tyu0DNO2HwTh4yLjhxE=
github.com/gomidi/midistack/match/typ v0.0.0-20180827082815-7b0392338e92/go.mod h1:7Z5C+A3WIzA6HotahNZxQCG4tyu0DNO2HwTh4yLjhxE=
github.com/gomidi/midistack/match/typ v0.0.0-20180827223701-a2d0241702d0 h1:kEtRfxNUfvULkNxJuESfRXBQwDP1NCAOVgsqHZd++Vk=
github.com/gomidi/midistack/match/typ v0.0.0-20180827223701-a2d0241702d0/go.mod h1:7Z5C+A3WIzA6HotahNZxQCG4tyu0DNO2HwTh4yLjhxE=
github.com/gomidi/midistack/match/typ v0.0.0-20180828103204-3d596caa0c80/go.mod h1:7Z5C+A3WIzA6HotahNZxQCG4tyu0DNO2HwTh4yLjhxE=
github.com/gomidi/midistack/matcher/typ v0.0.0-20180825111205-5d118a17dde1/go.mod h1:KVsD753NBqrj1wYk8kMyJHyCzendg7gNPVMSEwQ9/P0=
github.com/gomidi/midistack/transform/channelchange v0.0.0-20180827114854-ad805e54ac82/go.mod h1:w/46sPKEtXk1HVsi0s0c1pPr4W4MGeSM2/5+F/ADrqs=
github.com/gomidi/midistack/transform/channelchange v0.0.0-20180827223701-a2d0241702d0 h1:a32fAjyCKtlThid49mMrp0A2g4WgcywaQvdccHO6rlw=
github.com/gomidi/midistack/transform/channelchange v0.0.0-20180827223701-a2d0241702d0/go.mod h1:w/46sPKEtXk1HVsi0s0c1pPr4W4MGeSM2/5+F/ADrqs=
github.com/gomidi/midistack/transform/channelchange v0.0.0-20180828103204-3d596caa0c80/go.mod h1:xD5vHKlOoJg1afJuylfQ+WQsR3dew8hF9krCmtkgKUc=
github.com/gomidi/midistack/value v0.0.0-20180827125438-ccae243d429e h1:EhtzuPC0RT+EuZh6V6hvnYl2jCoHLzkW0MN4Yjx3xIU=
github.com/gomidi/midistack/value v0.0.0-20180827125438-ccae243d429e/go.mod h1:pqv1ZVXw/n9WQg9aHNNbcHg9Emir16CPKUerL1Z6VBg=
github.com/gomidi/midistack/value v0.0.0-20180827223701-a2d0241702d0/go.mod h1:pqv1ZVXw/n9WQg9aHNNbcHg9Emir16CPKUerL1Z6VBg=
github.com/gomidi/midistack/value v0.0.0-20180828103204-3d596caa0c80 h1:npXtpN8M/CmLEb7CES5mfOHkmf0ud4kYRvzbeWU/BN8=
github.com/gomidi/midistack/value v0.0.0-20180828103204-3d596caa0c80/go.mod h1:pqv1ZVXw/n9WQg9aHNNbcHg9Emir16CPKUerL1Z6VBg=
github.com/metakeule/config v1.12.1 h1:0b6t7+7GwCPGJuLYu7ky4RsDPG74kv3OsISunsgUjcA=
github.com/metakeule/config v1.12.1/go.mod h1:ghQE2T5TRpLGDlNSw0Hju+Vj4+XnGD31jOYqvpl795A=
github.com/metakeule/fmtdate v1.1.1 h1:TvWkgmMbqj+xMuaSQZRXbc1Ehi95PStoLZJu65Oaeyk=
github.com/metakeule/fmtdate v1.1.1/go.mod h1:2JyMFlKxeoGy1qS6obQukT0AL0Y4iNANQL8scbSdT4E=
github.com/metakeule/fmtdate v1.1.2 h1:n9M7H9HfAqp+6OA98wXGMdcAr6omshSNVct65Bks1lQ=
github.com/metakeule/fmtdate v1.1.2/go.mod h1:2JyMFlKxeoGy1qS6obQukT0AL0Y4iNANQL8scbSdT4E=
github.com/rakyll/portmidi v0.0.0-20170620004031-e434d7284291/go.mod h1:tO1ylmFo6+hnYFvj/fd92q30wkNQwgWC/8mcHq0KkQU=
github.com/rakyll/portmidi v0.0.0-20170716032345-1246dd47c560/go.mod h1:tO1ylmFo6+hnYFvj/fd92q30wkNQwgWC/8mcHq0KkQU=
