github.com/gomidi/cc v0.2.0 h1:2IRNKQvLFl1nq974v0psFYBBzn95ZceNeKxK2eByFc8=
github.com/gomidi/cc v0.2.0/go.mod h1:pp/v4mQ8/Z6O7KoGukAO9MNQ5nhUUgAJlJU7XsC4IpI=
github.com/gomidi/midi v1.4.1 h1:eRaiAALXTnzffQu8ShfaT7ZoINRHwK+yubgpGb8RA2c=
github.com/gomidi/midi v1.4.1/go.mod h1:B16DbgtsXSbQK9Q75aVezVL6VGhaK+2CVe/ybwUUCHE=
